
Microsoft Visual Studio Solution File, Format Version 12.00
# Visual Studio 15
VisualStudioVersion = 15.0.28307.572
MinimumVisualStudioVersion = 10.0.40219.1
Project("{FAE04EC0-301F-11D3-BF4B-00C04F79EFBC}") = "simple_calculator", "simple_calculator\simple_calculator.csproj", "{CC0DA8D3-1442-4139-ACAC-158A295BCFA3}"
EndProject
Global
	GlobalSection(SolutionConfigurationPlatforms) = preSolution
		Debug|Any CPU = Debug|Any CPU
		Release|Any CPU = Release|Any CPU
	EndGlobalSection
	GlobalSection(ProjectConfigurationPlatforms) = postSolution
		{CC0DA8D3-1442-4139-ACAC-158A295BCFA3}.Debug|Any CPU.ActiveCfg = Debug|Any CPU
		{CC0DA8D3-1442-4139-ACAC-158A295BCFA3}.Debug|Any CPU.Build.0 = Debug|Any CPU
		{CC0DA8D3-1442-4139-ACAC-158A295BCFA3}.Release|Any CPU.ActiveCfg = Release|Any CPU
		{CC0DA8D3-1442-4139-ACAC-158A295BCFA3}.Release|Any CPU.Build.0 = Release|Any CPU
	EndGlobalSection
	GlobalSection(SolutionProperties) = preSolution
		HideSolutionNode = FALSE
	EndGlobalSection
	GlobalSection(ExtensibilityGlobals) = postSolution
		SolutionGuid = {8D1661B3-AA94-43D6-AA12-F58709845A4B}
	EndGlobalSection
EndGlobal
